// !$*UTF8*$!
{
	archiveVersion = 1;
	classes = {
	};
	objectVersion = 55;
	objects = {

/* Begin PBXBuildFile section */
		84A6BFE62881594B008A23CE /* AppDelegate.swift in Sources */ = {isa = PBXBuildFile; fileRef = 84A6BFE52881594B008A23CE /* AppDelegate.swift */; };
		84A6BFE82881594B008A23CE /* SceneDelegate.swift in Sources */ = {isa = PBXBuildFile; fileRef = 84A6BFE72881594B008A23CE /* SceneDelegate.swift */; };
		84A6BFEA2881594B008A23CE /* ViewController.swift in Sources */ = {isa = PBXBuildFile; fileRef = 84A6BFE92881594B008A23CE /* ViewController.swift */; };
		84A6BFED2881594B008A23CE /* Main.storyboard in Resources */ = {isa = PBXBuildFile; fileRef = 84A6BFEB2881594B008A23CE /* Main.storyboard */; };
		84A6BFEF2881594D008A23CE /* Assets.xcassets in Resources */ = {isa = PBXBuildFile; fileRef = 84A6BFEE2881594D008A23CE /* Assets.xcassets */; };
		84A6BFF22881594D008A23CE /* LaunchScreen.storyboard in Resources */ = {isa = PBXBuildFile; fileRef = 84A6BFF02881594D008A23CE /* LaunchScreen.storyboard */; };
		84A6BFFD2881594D008A23CE /* ImageAppGalleryTests.swift in Sources */ = {isa = PBXBuildFile; fileRef = 84A6BFFC2881594D008A23CE /* ImageAppGalleryTests.swift */; };
		84A6C0072881594D008A23CE /* ImageAppGalleryUITests.swift in Sources */ = {isa = PBXBuildFile; fileRef = 84A6C0062881594D008A23CE /* ImageAppGalleryUITests.swift */; };
		84A6C0092881594D008A23CE /* ImageAppGalleryUITestsLaunchTests.swift in Sources */ = {isa = PBXBuildFile; fileRef = 84A6C0082881594D008A23CE /* ImageAppGalleryUITestsLaunchTests.swift */; };
		84A6C01C28815D78008A23CE /* SearchRepository.swift in Sources */ = {isa = PBXBuildFile; fileRef = 84A6C01B28815D78008A23CE /* SearchRepository.swift */; };
		84A6C01E28815D94008A23CE /* GalleryRepository.swift in Sources */ = {isa = PBXBuildFile; fileRef = 84A6C01D28815D94008A23CE /* GalleryRepository.swift */; };
		84A6C02028815E0B008A23CE /* ImageRecord.swift in Sources */ = {isa = PBXBuildFile; fileRef = 84A6C01F28815E0B008A23CE /* ImageRecord.swift */; };
		84A6C024288166FA008A23CE /* SearchUseCase.swift in Sources */ = {isa = PBXBuildFile; fileRef = 84A6C023288166FA008A23CE /* SearchUseCase.swift */; };
		84A6C02628816717008A23CE /* GalleryUseCase.swift in Sources */ = {isa = PBXBuildFile; fileRef = 84A6C02528816717008A23CE /* GalleryUseCase.swift */; };
		84A6C02C2881695F008A23CE /* DefaultSearchRepository.swift in Sources */ = {isa = PBXBuildFile; fileRef = 84A6C02B2881695F008A23CE /* DefaultSearchRepository.swift */; };
		84A6C02E2881697D008A23CE /* DefaultGalleryRepository.swift in Sources */ = {isa = PBXBuildFile; fileRef = 84A6C02D2881697D008A23CE /* DefaultGalleryRepository.swift */; };
		84A6C03028816A92008A23CE /* ServiceManager.swift in Sources */ = {isa = PBXBuildFile; fileRef = 84A6C02F28816A92008A23CE /* ServiceManager.swift */; };
		84A6C03228816AC5008A23CE /* EndPoints.swift in Sources */ = {isa = PBXBuildFile; fileRef = 84A6C03128816AC5008A23CE /* EndPoints.swift */; };
		84A6C03428816B36008A23CE /* APIError.swift in Sources */ = {isa = PBXBuildFile; fileRef = 84A6C03328816B36008A23CE /* APIError.swift */; };
		84A6C03628816BA4008A23CE /* ApiRequest.swift in Sources */ = {isa = PBXBuildFile; fileRef = 84A6C03528816BA4008A23CE /* ApiRequest.swift */; };
		84A6C03828816D8B008A23CE /* URLRequest+Extension.swift in Sources */ = {isa = PBXBuildFile; fileRef = 84A6C03728816D8B008A23CE /* URLRequest+Extension.swift */; };
/* End PBXBuildFile section */

/* Begin PBXContainerItemProxy section */
		84A6BFF92881594D008A23CE /* PBXContainerItemProxy */ = {
			isa = PBXContainerItemProxy;
			containerPortal = 84A6BFDA2881594B008A23CE /* Project object */;
			proxyType = 1;
			remoteGlobalIDString = 84A6BFE12881594B008A23CE;
			remoteInfo = ImageAppGallery;
		};
		84A6C0032881594D008A23CE /* PBXContainerItemProxy */ = {
			isa = PBXContainerItemProxy;
			containerPortal = 84A6BFDA2881594B008A23CE /* Project object */;
			proxyType = 1;
			remoteGlobalIDString = 84A6BFE12881594B008A23CE;
			remoteInfo = ImageAppGallery;
		};
/* End PBXContainerItemProxy section */

/* Begin PBXFileReference section */
		84A6BFE22881594B008A23CE /* ImageAppGallery.app */ = {isa = PBXFileReference; explicitFileType = wrapper.application; includeInIndex = 0; path = ImageAppGallery.app; sourceTree = BUILT_PRODUCTS_DIR; };
		84A6BFE52881594B008A23CE /* AppDelegate.swift */ = {isa = PBXFileReference; lastKnownFileType = sourcecode.swift; path = AppDelegate.swift; sourceTree = "<group>"; };
		84A6BFE72881594B008A23CE /* SceneDelegate.swift */ = {isa = PBXFileReference; lastKnownFileType = sourcecode.swift; path = SceneDelegate.swift; sourceTree = "<group>"; };
		84A6BFE92881594B008A23CE /* ViewController.swift */ = {isa = PBXFileReference; lastKnownFileType = sourcecode.swift; path = ViewController.swift; sourceTree = "<group>"; };
		84A6BFEC2881594B008A23CE /* Base */ = {isa = PBXFileReference; lastKnownFileType = file.storyboard; name = Base; path = Base.lproj/Main.storyboard; sourceTree = "<group>"; };
		84A6BFEE2881594D008A23CE /* Assets.xcassets */ = {isa = PBXFileReference; lastKnownFileType = folder.assetcatalog; path = Assets.xcassets; sourceTree = "<group>"; };
		84A6BFF12881594D008A23CE /* Base */ = {isa = PBXFileReference; lastKnownFileType = file.storyboard; name = Base; path = Base.lproj/LaunchScreen.storyboard; sourceTree = "<group>"; };
		84A6BFF32881594D008A23CE /* Info.plist */ = {isa = PBXFileReference; lastKnownFileType = text.plist.xml; path = Info.plist; sourceTree = "<group>"; };
		84A6BFF82881594D008A23CE /* ImageAppGalleryTests.xctest */ = {isa = PBXFileReference; explicitFileType = wrapper.cfbundle; includeInIndex = 0; path = ImageAppGalleryTests.xctest; sourceTree = BUILT_PRODUCTS_DIR; };
		84A6BFFC2881594D008A23CE /* ImageAppGalleryTests.swift */ = {isa = PBXFileReference; lastKnownFileType = sourcecode.swift; path = ImageAppGalleryTests.swift; sourceTree = "<group>"; };
		84A6C0022881594D008A23CE /* ImageAppGalleryUITests.xctest */ = {isa = PBXFileReference; explicitFileType = wrapper.cfbundle; includeInIndex = 0; path = ImageAppGalleryUITests.xctest; sourceTree = BUILT_PRODUCTS_DIR; };
		84A6C0062881594D008A23CE /* ImageAppGalleryUITests.swift */ = {isa = PBXFileReference; lastKnownFileType = sourcecode.swift; path = ImageAppGalleryUITests.swift; sourceTree = "<group>"; };
		84A6C0082881594D008A23CE /* ImageAppGalleryUITestsLaunchTests.swift */ = {isa = PBXFileReference; lastKnownFileType = sourcecode.swift; path = ImageAppGalleryUITestsLaunchTests.swift; sourceTree = "<group>"; };
		84A6C01B28815D78008A23CE /* SearchRepository.swift */ = {isa = PBXFileReference; lastKnownFileType = sourcecode.swift; path = SearchRepository.swift; sourceTree = "<group>"; };
		84A6C01D28815D94008A23CE /* GalleryRepository.swift */ = {isa = PBXFileReference; lastKnownFileType = sourcecode.swift; path = GalleryRepository.swift; sourceTree = "<group>"; };
		84A6C01F28815E0B008A23CE /* ImageRecord.swift */ = {isa = PBXFileReference; lastKnownFileType = sourcecode.swift; path = ImageRecord.swift; sourceTree = "<group>"; };
		84A6C023288166FA008A23CE /* SearchUseCase.swift */ = {isa = PBXFileReference; lastKnownFileType = sourcecode.swift; path = SearchUseCase.swift; sourceTree = "<group>"; };
		84A6C02528816717008A23CE /* GalleryUseCase.swift */ = {isa = PBXFileReference; lastKnownFileType = sourcecode.swift; path = GalleryUseCase.swift; sourceTree = "<group>"; };
		84A6C02B2881695F008A23CE /* DefaultSearchRepository.swift */ = {isa = PBXFileReference; lastKnownFileType = sourcecode.swift; path = DefaultSearchRepository.swift; sourceTree = "<group>"; };
		84A6C02D2881697D008A23CE /* DefaultGalleryRepository.swift */ = {isa = PBXFileReference; lastKnownFileType = sourcecode.swift; path = DefaultGalleryRepository.swift; sourceTree = "<group>"; };
		84A6C02F28816A92008A23CE /* ServiceManager.swift */ = {isa = PBXFileReference; lastKnownFileType = sourcecode.swift; path = ServiceManager.swift; sourceTree = "<group>"; };
		84A6C03128816AC5008A23CE /* EndPoints.swift */ = {isa = PBXFileReference; lastKnownFileType = sourcecode.swift; path = EndPoints.swift; sourceTree = "<group>"; };
		84A6C03328816B36008A23CE /* APIError.swift */ = {isa = PBXFileReference; lastKnownFileType = sourcecode.swift; path = APIError.swift; sourceTree = "<group>"; };
		84A6C03528816BA4008A23CE /* ApiRequest.swift */ = {isa = PBXFileReference; lastKnownFileType = sourcecode.swift; path = ApiRequest.swift; sourceTree = "<group>"; };
		84A6C03728816D8B008A23CE /* URLRequest+Extension.swift */ = {isa = PBXFileReference; lastKnownFileType = sourcecode.swift; path = "URLRequest+Extension.swift"; sourceTree = "<group>"; };
/* End PBXFileReference section */

/* Begin PBXFrameworksBuildPhase section */
		84A6BFDF2881594B008A23CE /* Frameworks */ = {
			isa = PBXFrameworksBuildPhase;
			buildActionMask = 2147483647;
			files = (
			);
			runOnlyForDeploymentPostprocessing = 0;
		};
		84A6BFF52881594D008A23CE /* Frameworks */ = {
			isa = PBXFrameworksBuildPhase;
			buildActionMask = 2147483647;
			files = (
			);
			runOnlyForDeploymentPostprocessing = 0;
		};
		84A6BFFF2881594D008A23CE /* Frameworks */ = {
			isa = PBXFrameworksBuildPhase;
			buildActionMask = 2147483647;
			files = (
			);
			runOnlyForDeploymentPostprocessing = 0;
		};
/* End PBXFrameworksBuildPhase section */

/* Begin PBXGroup section */
		84A6BFD92881594B008A23CE = {
			isa = PBXGroup;
			children = (
				84A6BFE42881594B008A23CE /* ImageAppGallery */,
				84A6BFFB2881594D008A23CE /* ImageAppGalleryTests */,
				84A6C0052881594D008A23CE /* ImageAppGalleryUITests */,
				84A6BFE32881594B008A23CE /* Products */,
			);
			sourceTree = "<group>";
		};
		84A6BFE32881594B008A23CE /* Products */ = {
			isa = PBXGroup;
			children = (
				84A6BFE22881594B008A23CE /* ImageAppGallery.app */,
				84A6BFF82881594D008A23CE /* ImageAppGalleryTests.xctest */,
				84A6C0022881594D008A23CE /* ImageAppGalleryUITests.xctest */,
			);
			name = Products;
			sourceTree = "<group>";
		};
		84A6BFE42881594B008A23CE /* ImageAppGallery */ = {
			isa = PBXGroup;
			children = (
				84A6C015288159DF008A23CE /* Domain */,
				84A6C016288159EC008A23CE /* Data */,
				84A6C017288159FD008A23CE /* Presentation */,
				84A6BFE52881594B008A23CE /* AppDelegate.swift */,
				84A6BFE72881594B008A23CE /* SceneDelegate.swift */,
				84A6BFE92881594B008A23CE /* ViewController.swift */,
				84A6BFEB2881594B008A23CE /* Main.storyboard */,
				84A6BFEE2881594D008A23CE /* Assets.xcassets */,
				84A6BFF02881594D008A23CE /* LaunchScreen.storyboard */,
				84A6BFF32881594D008A23CE /* Info.plist */,
			);
			path = ImageAppGallery;
			sourceTree = "<group>";
		};
		84A6BFFB2881594D008A23CE /* ImageAppGalleryTests */ = {
			isa = PBXGroup;
			children = (
				84A6BFFC2881594D008A23CE /* ImageAppGalleryTests.swift */,
			);
			path = ImageAppGalleryTests;
			sourceTree = "<group>";
		};
		84A6C0052881594D008A23CE /* ImageAppGalleryUITests */ = {
			isa = PBXGroup;
			children = (
				84A6C0062881594D008A23CE /* ImageAppGalleryUITests.swift */,
				84A6C0082881594D008A23CE /* ImageAppGalleryUITestsLaunchTests.swift */,
			);
			path = ImageAppGalleryUITests;
			sourceTree = "<group>";
		};
		84A6C015288159DF008A23CE /* Domain */ = {
			isa = PBXGroup;
			children = (
				84A6C01828815CEB008A23CE /* Interfaces */,
				84A6C01928815CF6008A23CE /* UseCases */,
				84A6C01A28815D03008A23CE /* Entities */,
			);
			path = Domain;
			sourceTree = "<group>";
		};
		84A6C016288159EC008A23CE /* Data */ = {
			isa = PBXGroup;
			children = (
				84A6C027288168B3008A23CE /* Repositories */,
				84A6C028288168C1008A23CE /* DataMapping */,
				84A6C029288168CD008A23CE /* Service */,
				84A6C02A288168D8008A23CE /* Utils */,
			);
			path = Data;
			sourceTree = "<group>";
		};
		84A6C017288159FD008A23CE /* Presentation */ = {
			isa = PBXGroup;
			children = (
			);
			path = Presentation;
			sourceTree = "<group>";
		};
		84A6C01828815CEB008A23CE /* Interfaces */ = {
			isa = PBXGroup;
			children = (
				84A6C01B28815D78008A23CE /* SearchRepository.swift */,
				84A6C01D28815D94008A23CE /* GalleryRepository.swift */,
			);
			path = Interfaces;
			sourceTree = "<group>";
		};
		84A6C01928815CF6008A23CE /* UseCases */ = {
			isa = PBXGroup;
			children = (
				84A6C023288166FA008A23CE /* SearchUseCase.swift */,
				84A6C02528816717008A23CE /* GalleryUseCase.swift */,
			);
			path = UseCases;
			sourceTree = "<group>";
		};
		84A6C01A28815D03008A23CE /* Entities */ = {
			isa = PBXGroup;
			children = (
				84A6C01F28815E0B008A23CE /* ImageRecord.swift */,
			);
			path = Entities;
			sourceTree = "<group>";
		};
		84A6C027288168B3008A23CE /* Repositories */ = {
			isa = PBXGroup;
			children = (
				84A6C02B2881695F008A23CE /* DefaultSearchRepository.swift */,
				84A6C02D2881697D008A23CE /* DefaultGalleryRepository.swift */,
			);
			path = Repositories;
			sourceTree = "<group>";
		};
		84A6C028288168C1008A23CE /* DataMapping */ = {
			isa = PBXGroup;
			children = (
			);
			path = DataMapping;
			sourceTree = "<group>";
		};
		84A6C029288168CD008A23CE /* Service */ = {
			isa = PBXGroup;
			children = (
				84A6C02F28816A92008A23CE /* ServiceManager.swift */,
				84A6C03128816AC5008A23CE /* EndPoints.swift */,
				84A6C03328816B36008A23CE /* APIError.swift */,
				84A6C03528816BA4008A23CE /* ApiRequest.swift */,
			);
			path = Service;
			sourceTree = "<group>";
		};
		84A6C02A288168D8008A23CE /* Utils */ = {
			isa = PBXGroup;
			children = (
				84A6C03728816D8B008A23CE /* URLRequest+Extension.swift */,
			);
			path = Utils;
			sourceTree = "<group>";
		};
/* End PBXGroup section */

/* Begin PBXNativeTarget section */
		84A6BFE12881594B008A23CE /* ImageAppGallery */ = {
			isa = PBXNativeTarget;
			buildConfigurationList = 84A6C00C2881594D008A23CE /* Build configuration list for PBXNativeTarget "ImageAppGallery" */;
			buildPhases = (
				84A6BFDE2881594B008A23CE /* Sources */,
				84A6BFDF2881594B008A23CE /* Frameworks */,
				84A6BFE02881594B008A23CE /* Resources */,
			);
			buildRules = (
			);
			dependencies = (
			);
			name = ImageAppGallery;
			productName = ImageAppGallery;
			productReference = 84A6BFE22881594B008A23CE /* ImageAppGallery.app */;
			productType = "com.apple.product-type.application";
		};
		84A6BFF72881594D008A23CE /* ImageAppGalleryTests */ = {
			isa = PBXNativeTarget;
			buildConfigurationList = 84A6C00F2881594D008A23CE /* Build configuration list for PBXNativeTarget "ImageAppGalleryTests" */;
			buildPhases = (
				84A6BFF42881594D008A23CE /* Sources */,
				84A6BFF52881594D008A23CE /* Frameworks */,
				84A6BFF62881594D008A23CE /* Resources */,
			);
			buildRules = (
			);
			dependencies = (
				84A6BFFA2881594D008A23CE /* PBXTargetDependency */,
			);
			name = ImageAppGalleryTests;
			productName = ImageAppGalleryTests;
			productReference = 84A6BFF82881594D008A23CE /* ImageAppGalleryTests.xctest */;
			productType = "com.apple.product-type.bundle.unit-test";
		};
		84A6C0012881594D008A23CE /* ImageAppGalleryUITests */ = {
			isa = PBXNativeTarget;
			buildConfigurationList = 84A6C0122881594D008A23CE /* Build configuration list for PBXNativeTarget "ImageAppGalleryUITests" */;
			buildPhases = (
				84A6BFFE2881594D008A23CE /* Sources */,
				84A6BFFF2881594D008A23CE /* Frameworks */,
				84A6C0002881594D008A23CE /* Resources */,
			);
			buildRules = (
			);
			dependencies = (
				84A6C0042881594D008A23CE /* PBXTargetDependency */,
			);
			name = ImageAppGalleryUITests;
			productName = ImageAppGalleryUITests;
			productReference = 84A6C0022881594D008A23CE /* ImageAppGalleryUITests.xctest */;
			productType = "com.apple.product-type.bundle.ui-testing";
		};
/* End PBXNativeTarget section */

/* Begin PBXProject section */
		84A6BFDA2881594B008A23CE /* Project object */ = {
			isa = PBXProject;
			attributes = {
				BuildIndependentTargetsInParallel = 1;
				LastSwiftUpdateCheck = 1330;
				LastUpgradeCheck = 1330;
				TargetAttributes = {
					84A6BFE12881594B008A23CE = {
						CreatedOnToolsVersion = 13.3.1;
					};
					84A6BFF72881594D008A23CE = {
						CreatedOnToolsVersion = 13.3.1;
						TestTargetID = 84A6BFE12881594B008A23CE;
					};
					84A6C0012881594D008A23CE = {
						CreatedOnToolsVersion = 13.3.1;
						TestTargetID = 84A6BFE12881594B008A23CE;
					};
				};
			};
			buildConfigurationList = 84A6BFDD2881594B008A23CE /* Build configuration list for PBXProject "ImageAppGallery" */;
			compatibilityVersion = "Xcode 13.0";
			developmentRegion = en;
			hasScannedForEncodings = 0;
			knownRegions = (
				en,
				Base,
			);
			mainGroup = 84A6BFD92881594B008A23CE;
			productRefGroup = 84A6BFE32881594B008A23CE /* Products */;
			projectDirPath = "";
			projectRoot = "";
			targets = (
				84A6BFE12881594B008A23CE /* ImageAppGallery */,
				84A6BFF72881594D008A23CE /* ImageAppGalleryTests */,
				84A6C0012881594D008A23CE /* ImageAppGalleryUITests */,
			);
		};
/* End PBXProject section */

/* Begin PBXResourcesBuildPhase section */
		84A6BFE02881594B008A23CE /* Resources */ = {
			isa = PBXResourcesBuildPhase;
			buildActionMask = 2147483647;
			files = (
				84A6BFF22881594D008A23CE /* LaunchScreen.storyboard in Resources */,
				84A6BFEF2881594D008A23CE /* Assets.xcassets in Resources */,
				84A6BFED2881594B008A23CE /* Main.storyboard in Resources */,
			);
			runOnlyForDeploymentPostprocessing = 0;
		};
		84A6BFF62881594D008A23CE /* Resources */ = {
			isa = PBXResourcesBuildPhase;
			buildActionMask = 2147483647;
			files = (
			);
			runOnlyForDeploymentPostprocessing = 0;
		};
		84A6C0002881594D008A23CE /* Resources */ = {
			isa = PBXResourcesBuildPhase;
			buildActionMask = 2147483647;
			files = (
			);
			runOnlyForDeploymentPostprocessing = 0;
		};
/* End PBXResourcesBuildPhase section */

/* Begin PBXSourcesBuildPhase section */
		84A6BFDE2881594B008A23CE /* Sources */ = {
			isa = PBXSourcesBuildPhase;
			buildActionMask = 2147483647;
			files = (
				84A6C03028816A92008A23CE /* ServiceManager.swift in Sources */,
				84A6C02628816717008A23CE /* GalleryUseCase.swift in Sources */,
				84A6C024288166FA008A23CE /* SearchUseCase.swift in Sources */,
				84A6BFEA2881594B008A23CE /* ViewController.swift in Sources */,
				84A6BFE62881594B008A23CE /* AppDelegate.swift in Sources */,
				84A6BFE82881594B008A23CE /* SceneDelegate.swift in Sources */,
				84A6C01E28815D94008A23CE /* GalleryRepository.swift in Sources */,
				84A6C02E2881697D008A23CE /* DefaultGalleryRepository.swift in Sources */,
				84A6C02028815E0B008A23CE /* ImageRecord.swift in Sources */,
				84A6C01C28815D78008A23CE /* SearchRepository.swift in Sources */,
				84A6C03828816D8B008A23CE /* URLRequest+Extension.swift in Sources */,
				84A6C03228816AC5008A23CE /* EndPoints.swift in Sources */,
				84A6C02C2881695F008A23CE /* DefaultSearchRepository.swift in Sources */,
				84A6C03628816BA4008A23CE /* ApiRequest.swift in Sources */,
				84A6C03428816B36008A23CE /* APIError.swift in Sources */,
			);
			runOnlyForDeploymentPostprocessing = 0;
		};
		84A6BFF42881594D008A23CE /* Sources */ = {
			isa = PBXSourcesBuildPhase;
			buildActionMask = 2147483647;
			files = (
				84A6BFFD2881594D008A23CE /* ImageAppGalleryTests.swift in Sources */,
			);
			runOnlyForDeploymentPostprocessing = 0;
		};
		84A6BFFE2881594D008A23CE /* Sources */ = {
			isa = PBXSourcesBuildPhase;
			buildActionMask = 2147483647;
			files = (
				84A6C0072881594D008A23CE /* ImageAppGalleryUITests.swift in Sources */,
				84A6C0092881594D008A23CE /* ImageAppGalleryUITestsLaunchTests.swift in Sources */,
			);
			runOnlyForDeploymentPostprocessing = 0;
		};
/* End PBXSourcesBuildPhase section */

/* Begin PBXTargetDependency section */
		84A6BFFA2881594D008A23CE /* PBXTargetDependency */ = {
			isa = PBXTargetDependency;
			target = 84A6BFE12881594B008A23CE /* ImageAppGallery */;
			targetProxy = 84A6BFF92881594D008A23CE /* PBXContainerItemProxy */;
		};
		84A6C0042881594D008A23CE /* PBXTargetDependency */ = {
			isa = PBXTargetDependency;
			target = 84A6BFE12881594B008A23CE /* ImageAppGallery */;
			targetProxy = 84A6C0032881594D008A23CE /* PBXContainerItemProxy */;
		};
/* End PBXTargetDependency section */

/* Begin PBXVariantGroup section */
		84A6BFEB2881594B008A23CE /* Main.storyboard */ = {
			isa = PBXVariantGroup;
			children = (
				84A6BFEC2881594B008A23CE /* Base */,
			);
			name = Main.storyboard;
			sourceTree = "<group>";
		};
		84A6BFF02881594D008A23CE /* LaunchScreen.storyboard */ = {
			isa = PBXVariantGroup;
			children = (
				84A6BFF12881594D008A23CE /* Base */,
			);
			name = LaunchScreen.storyboard;
			sourceTree = "<group>";
		};
/* End PBXVariantGroup section */

/* Begin XCBuildConfiguration section */
		84A6C00A2881594D008A23CE /* Debug */ = {
			isa = XCBuildConfiguration;
			buildSettings = {
				ALWAYS_SEARCH_USER_PATHS = NO;
				CLANG_ANALYZER_NONNULL = YES;
				CLANG_ANALYZER_NUMBER_OBJECT_CONVERSION = YES_AGGRESSIVE;
				CLANG_CXX_LANGUAGE_STANDARD = "gnu++17";
				CLANG_ENABLE_MODULES = YES;
				CLANG_ENABLE_OBJC_ARC = YES;
				CLANG_ENABLE_OBJC_WEAK = YES;
				CLANG_WARN_BLOCK_CAPTURE_AUTORELEASING = YES;
				CLANG_WARN_BOOL_CONVERSION = YES;
				CLANG_WARN_COMMA = YES;
				CLANG_WARN_CONSTANT_CONVERSION = YES;
				CLANG_WARN_DEPRECATED_OBJC_IMPLEMENTATIONS = YES;
				CLANG_WARN_DIRECT_OBJC_ISA_USAGE = YES_ERROR;
				CLANG_WARN_DOCUMENTATION_COMMENTS = YES;
				CLANG_WARN_EMPTY_BODY = YES;
				CLANG_WARN_ENUM_CONVERSION = YES;
				CLANG_WARN_INFINITE_RECURSION = YES;
				CLANG_WARN_INT_CONVERSION = YES;
				CLANG_WARN_NON_LITERAL_NULL_CONVERSION = YES;
				CLANG_WARN_OBJC_IMPLICIT_RETAIN_SELF = YES;
				CLANG_WARN_OBJC_LITERAL_CONVERSION = YES;
				CLANG_WARN_OBJC_ROOT_CLASS = YES_ERROR;
				CLANG_WARN_QUOTED_INCLUDE_IN_FRAMEWORK_HEADER = YES;
				CLANG_WARN_RANGE_LOOP_ANALYSIS = YES;
				CLANG_WARN_STRICT_PROTOTYPES = YES;
				CLANG_WARN_SUSPICIOUS_MOVE = YES;
				CLANG_WARN_UNGUARDED_AVAILABILITY = YES_AGGRESSIVE;
				CLANG_WARN_UNREACHABLE_CODE = YES;
				CLANG_WARN__DUPLICATE_METHOD_MATCH = YES;
				COPY_PHASE_STRIP = NO;
				DEBUG_INFORMATION_FORMAT = dwarf;
				ENABLE_STRICT_OBJC_MSGSEND = YES;
				ENABLE_TESTABILITY = YES;
				GCC_C_LANGUAGE_STANDARD = gnu11;
				GCC_DYNAMIC_NO_PIC = NO;
				GCC_NO_COMMON_BLOCKS = YES;
				GCC_OPTIMIZATION_LEVEL = 0;
				GCC_PREPROCESSOR_DEFINITIONS = (
					"DEBUG=1",
					"$(inherited)",
				);
				GCC_WARN_64_TO_32_BIT_CONVERSION = YES;
				GCC_WARN_ABOUT_RETURN_TYPE = YES_ERROR;
				GCC_WARN_UNDECLARED_SELECTOR = YES;
				GCC_WARN_UNINITIALIZED_AUTOS = YES_AGGRESSIVE;
				GCC_WARN_UNUSED_FUNCTION = YES;
				GCC_WARN_UNUSED_VARIABLE = YES;
				IPHONEOS_DEPLOYMENT_TARGET = 15.4;
				MTL_ENABLE_DEBUG_INFO = INCLUDE_SOURCE;
				MTL_FAST_MATH = YES;
				ONLY_ACTIVE_ARCH = YES;
				SDKROOT = iphoneos;
				SWIFT_ACTIVE_COMPILATION_CONDITIONS = DEBUG;
				SWIFT_OPTIMIZATION_LEVEL = "-Onone";
			};
			name = Debug;
		};
		84A6C00B2881594D008A23CE /* Release */ = {
			isa = XCBuildConfiguration;
			buildSettings = {
				ALWAYS_SEARCH_USER_PATHS = NO;
				CLANG_ANALYZER_NONNULL = YES;
				CLANG_ANALYZER_NUMBER_OBJECT_CONVERSION = YES_AGGRESSIVE;
				CLANG_CXX_LANGUAGE_STANDARD = "gnu++17";
				CLANG_ENABLE_MODULES = YES;
				CLANG_ENABLE_OBJC_ARC = YES;
				CLANG_ENABLE_OBJC_WEAK = YES;
				CLANG_WARN_BLOCK_CAPTURE_AUTORELEASING = YES;
				CLANG_WARN_BOOL_CONVERSION = YES;
				CLANG_WARN_COMMA = YES;
				CLANG_WARN_CONSTANT_CONVERSION = YES;
				CLANG_WARN_DEPRECATED_OBJC_IMPLEMENTATIONS = YES;
				CLANG_WARN_DIRECT_OBJC_ISA_USAGE = YES_ERROR;
				CLANG_WARN_DOCUMENTATION_COMMENTS = YES;
				CLANG_WARN_EMPTY_BODY = YES;
				CLANG_WARN_ENUM_CONVERSION = YES;
				CLANG_WARN_INFINITE_RECURSION = YES;
				CLANG_WARN_INT_CONVERSION = YES;
				CLANG_WARN_NON_LITERAL_NULL_CONVERSION = YES;
				CLANG_WARN_OBJC_IMPLICIT_RETAIN_SELF = YES;
				CLANG_WARN_OBJC_LITERAL_CONVERSION = YES;
				CLANG_WARN_OBJC_ROOT_CLASS = YES_ERROR;
				CLANG_WARN_QUOTED_INCLUDE_IN_FRAMEWORK_HEADER = YES;
				CLANG_WARN_RANGE_LOOP_ANALYSIS = YES;
				CLANG_WARN_STRICT_PROTOTYPES = YES;
				CLANG_WARN_SUSPICIOUS_MOVE = YES;
				CLANG_WARN_UNGUARDED_AVAILABILITY = YES_AGGRESSIVE;
				CLANG_WARN_UNREACHABLE_CODE = YES;
				CLANG_WARN__DUPLICATE_METHOD_MATCH = YES;
				COPY_PHASE_STRIP = NO;
				DEBUG_INFORMATION_FORMAT = "dwarf-with-dsym";
				ENABLE_NS_ASSERTIONS = NO;
				ENABLE_STRICT_OBJC_MSGSEND = YES;
				GCC_C_LANGUAGE_STANDARD = gnu11;
				GCC_NO_COMMON_BLOCKS = YES;
				GCC_WARN_64_TO_32_BIT_CONVERSION = YES;
				GCC_WARN_ABOUT_RETURN_TYPE = YES_ERROR;
				GCC_WARN_UNDECLARED_SELECTOR = YES;
				GCC_WARN_UNINITIALIZED_AUTOS = YES_AGGRESSIVE;
				GCC_WARN_UNUSED_FUNCTION = YES;
				GCC_WARN_UNUSED_VARIABLE = YES;
				IPHONEOS_DEPLOYMENT_TARGET = 15.4;
				MTL_ENABLE_DEBUG_INFO = NO;
				MTL_FAST_MATH = YES;
				SDKROOT = iphoneos;
				SWIFT_COMPILATION_MODE = wholemodule;
				SWIFT_OPTIMIZATION_LEVEL = "-O";
				VALIDATE_PRODUCT = YES;
			};
			name = Release;
		};
		84A6C00D2881594D008A23CE /* Debug */ = {
			isa = XCBuildConfiguration;
			buildSettings = {
				ASSETCATALOG_COMPILER_APPICON_NAME = AppIcon;
				ASSETCATALOG_COMPILER_GLOBAL_ACCENT_COLOR_NAME = AccentColor;
				CODE_SIGN_STYLE = Automatic;
				CURRENT_PROJECT_VERSION = 1;
				GENERATE_INFOPLIST_FILE = YES;
				INFOPLIST_FILE = ImageAppGallery/Info.plist;
				INFOPLIST_KEY_UIApplicationSupportsIndirectInputEvents = YES;
				INFOPLIST_KEY_UILaunchStoryboardName = LaunchScreen;
				INFOPLIST_KEY_UIMainStoryboardFile = Main;
				INFOPLIST_KEY_UISupportedInterfaceOrientations_iPad = "UIInterfaceOrientationPortrait UIInterfaceOrientationPortraitUpsideDown UIInterfaceOrientationLandscapeLeft UIInterfaceOrientationLandscapeRight";
				INFOPLIST_KEY_UISupportedInterfaceOrientations_iPhone = "UIInterfaceOrientationPortrait UIInterfaceOrientationLandscapeLeft UIInterfaceOrientationLandscapeRight";
				LD_RUNPATH_SEARCH_PATHS = (
					"$(inherited)",
					"@executable_path/Frameworks",
				);
				MARKETING_VERSION = 1.0;
				PRODUCT_BUNDLE_IDENTIFIER = "com.-ImageAppGallery.mac.ImageAppGallery";
				PRODUCT_NAME = "$(TARGET_NAME)";
				SWIFT_EMIT_LOC_STRINGS = YES;
				SWIFT_VERSION = 5.0;
				TARGETED_DEVICE_FAMILY = "1,2";
			};
			name = Debug;
		};
		84A6C00E2881594D008A23CE /* Release */ = {
			isa = XCBuildConfiguration;
			buildSettings = {
				ASSETCATALOG_COMPILER_APPICON_NAME = AppIcon;
				ASSETCATALOG_COMPILER_GLOBAL_ACCENT_COLOR_NAME = AccentColor;
				CODE_SIGN_STYLE = Automatic;
				CURRENT_PROJECT_VERSION = 1;
				GENERATE_INFOPLIST_FILE = YES;
				INFOPLIST_FILE = ImageAppGallery/Info.plist;
				INFOPLIST_KEY_UIApplicationSupportsIndirectInputEvents = YES;
				INFOPLIST_KEY_UILaunchStoryboardName = LaunchScreen;
				INFOPLIST_KEY_UIMainStoryboardFile = Main;
				INFOPLIST_KEY_UISupportedInterfaceOrientations_iPad = "UIInterfaceOrientationPortrait UIInterfaceOrientationPortraitUpsideDown UIInterfaceOrientationLandscapeLeft UIInterfaceOrientationLandscapeRight";
				INFOPLIST_KEY_UISupportedInterfaceOrientations_iPhone = "UIInterfaceOrientationPortrait UIInterfaceOrientationLandscapeLeft UIInterfaceOrientationLandscapeRight";
				LD_RUNPATH_SEARCH_PATHS = (
					"$(inherited)",
					"@executable_path/Frameworks",
				);
				MARKETING_VERSION = 1.0;
				PRODUCT_BUNDLE_IDENTIFIER = "com.-ImageAppGallery.mac.ImageAppGallery";
				PRODUCT_NAME = "$(TARGET_NAME)";
				SWIFT_EMIT_LOC_STRINGS = YES;
				SWIFT_VERSION = 5.0;
				TARGETED_DEVICE_FAMILY = "1,2";
			};
			name = Release;
		};
		84A6C0102881594D008A23CE /* Debug */ = {
			isa = XCBuildConfiguration;
			buildSettings = {
				ALWAYS_EMBED_SWIFT_STANDARD_LIBRARIES = YES;
				BUNDLE_LOADER = "$(TEST_HOST)";
				CODE_SIGN_STYLE = Automatic;
				CURRENT_PROJECT_VERSION = 1;
				GENERATE_INFOPLIST_FILE = YES;
				IPHONEOS_DEPLOYMENT_TARGET = 15.4;
				MARKETING_VERSION = 1.0;
				PRODUCT_BUNDLE_IDENTIFIER = "com.-ImageAppGallery.mac.ImageAppGalleryTests";
				PRODUCT_NAME = "$(TARGET_NAME)";
				SWIFT_EMIT_LOC_STRINGS = NO;
				SWIFT_VERSION = 5.0;
				TARGETED_DEVICE_FAMILY = "1,2";
				TEST_HOST = "$(BUILT_PRODUCTS_DIR)/ImageAppGallery.app/ImageAppGallery";
			};
			name = Debug;
		};
		84A6C0112881594D008A23CE /* Release */ = {
			isa = XCBuildConfiguration;
			buildSettings = {
				ALWAYS_EMBED_SWIFT_STANDARD_LIBRARIES = YES;
				BUNDLE_LOADER = "$(TEST_HOST)";
				CODE_SIGN_STYLE = Automatic;
				CURRENT_PROJECT_VERSION = 1;
				GENERATE_INFOPLIST_FILE = YES;
				IPHONEOS_DEPLOYMENT_TARGET = 15.4;
				MARKETING_VERSION = 1.0;
				PRODUCT_BUNDLE_IDENTIFIER = "com.-ImageAppGallery.mac.ImageAppGalleryTests";
				PRODUCT_NAME = "$(TARGET_NAME)";
				SWIFT_EMIT_LOC_STRINGS = NO;
				SWIFT_VERSION = 5.0;
				TARGETED_DEVICE_FAMILY = "1,2";
				TEST_HOST = "$(BUILT_PRODUCTS_DIR)/ImageAppGallery.app/ImageAppGallery";
			};
			name = Release;
		};
		84A6C0132881594D008A23CE /* Debug */ = {
			isa = XCBuildConfiguration;
			buildSettings = {
				ALWAYS_EMBED_SWIFT_STANDARD_LIBRARIES = YES;
				CODE_SIGN_STYLE = Automatic;
				CURRENT_PROJECT_VERSION = 1;
				GENERATE_INFOPLIST_FILE = YES;
				MARKETING_VERSION = 1.0;
				PRODUCT_BUNDLE_IDENTIFIER = "com.-ImageAppGallery.mac.ImageAppGalleryUITests";
				PRODUCT_NAME = "$(TARGET_NAME)";
				SWIFT_EMIT_LOC_STRINGS = NO;
				SWIFT_VERSION = 5.0;
				TARGETED_DEVICE_FAMILY = "1,2";
				TEST_TARGET_NAME = ImageAppGallery;
			};
			name = Debug;
		};
		84A6C0142881594D008A23CE /* Release */ = {
			isa = XCBuildConfiguration;
			buildSettings = {
				ALWAYS_EMBED_SWIFT_STANDARD_LIBRARIES = YES;
				CODE_SIGN_STYLE = Automatic;
				CURRENT_PROJECT_VERSION = 1;
				GENERATE_INFOPLIST_FILE = YES;
				MARKETING_VERSION = 1.0;
				PRODUCT_BUNDLE_IDENTIFIER = "com.-ImageAppGallery.mac.ImageAppGalleryUITests";
				PRODUCT_NAME = "$(TARGET_NAME)";
				SWIFT_EMIT_LOC_STRINGS = NO;
				SWIFT_VERSION = 5.0;
				TARGETED_DEVICE_FAMILY = "1,2";
				TEST_TARGET_NAME = ImageAppGallery;
			};
			name = Release;
		};
/* End XCBuildConfiguration section */

/* Begin XCConfigurationList section */
		84A6BFDD2881594B008A23CE /* Build configuration list for PBXProject "ImageAppGallery" */ = {
			isa = XCConfigurationList;
			buildConfigurations = (
				84A6C00A2881594D008A23CE /* Debug */,
				84A6C00B2881594D008A23CE /* Release */,
			);
			defaultConfigurationIsVisible = 0;
			defaultConfigurationName = Release;
		};
		84A6C00C2881594D008A23CE /* Build configuration list for PBXNativeTarget "ImageAppGallery" */ = {
			isa = XCConfigurationList;
			buildConfigurations = (
				84A6C00D2881594D008A23CE /* Debug */,
				84A6C00E2881594D008A23CE /* Release */,
			);
			defaultConfigurationIsVisible = 0;
			defaultConfigurationName = Release;
		};
		84A6C00F2881594D008A23CE /* Build configuration list for PBXNativeTarget "ImageAppGalleryTests" */ = {
			isa = XCConfigurationList;
			buildConfigurations = (
				84A6C0102881594D008A23CE /* Debug */,
				84A6C0112881594D008A23CE /* Release */,
			);
			defaultConfigurationIsVisible = 0;
			defaultConfigurationName = Release;
		};
		84A6C0122881594D008A23CE /* Build configuration list for PBXNativeTarget "ImageAppGalleryUITests" */ = {
			isa = XCConfigurationList;
			buildConfigurations = (
				84A6C0132881594D008A23CE /* Debug */,
				84A6C0142881594D008A23CE /* Release */,
			);
			defaultConfigurationIsVisible = 0;
			defaultConfigurationName = Release;
		};
/* End XCConfigurationList section */
	};
	rootObject = 84A6BFDA2881594B008A23CE /* Project object */;
}
